
Microsoft Visual Studio Solution File, Format Version 12.00
# Visual Studio 15
VisualStudioVersion = 15.0.28307.136
MinimumVisualStudioVersion = 10.0.40219.1
Project("{2150E333-8FDC-42A3-9474-1A3956D46DE8}") = "1.UI", "1.UI", "{2C2D9555-95BB-4BB0-BF61-8ED76FA2BFDE}"
EndProject
Project("{2150E333-8FDC-42A3-9474-1A3956D46DE8}") = "2.Application", "2.Application", "{0A59C132-AA14-4FE5-A1BF-5739F37399A1}"
EndProject
Project("{2150E333-8FDC-42A3-9474-1A3956D46DE8}") = "3.Repository", "3.Repository", "{B1535C23-EFF4-47D2-87FD-CD7038C7B498}"
EndProject
Project("{2150E333-8FDC-42A3-9474-1A3956D46DE8}") = "4.Entity", "4.Entity", "{CAA4D765-D23E-42B0-90AC-85D904856E52}"
EndProject
Project("{2150E333-8FDC-42A3-9474-1A3956D46DE8}") = "5.Infrastructure", "5.Infrastructure", "{EF3F6420-2250-4010-A83D-9B8232F1F338}"
EndProject
Project("{2150E333-8FDC-42A3-9474-1A3956D46DE8}") = "6.Test", "6.Test", "{83527B49-631E-4893-95D4-51D25635095E}"
EndProject
Project("{9A19103F-16F7-4668-BE54-9A1E7A4F7556}") = "Ocean.Cms.Admin", "Ocean.Cms.Admin\Ocean.Cms.Admin.csproj", "{2659BDDD-4966-4D81-AF8D-D73192102CE7}"
EndProject
Project("{9A19103F-16F7-4668-BE54-9A1E7A4F7556}") = "Ocean.Cms.IServices", "Ocean.Cms.IServices\Ocean.Cms.IServices.csproj", "{FB32447F-5580-4729-8A2B-E510388E2185}"
EndProject
Project("{9A19103F-16F7-4668-BE54-9A1E7A4F7556}") = "Ocean.Cms.Services", "Ocean.Cms.Services\Ocean.Cms.Services.csproj", "{DFCA72E0-AC5A-4D88-912F-7763D34A32B7}"
EndProject
Project("{9A19103F-16F7-4668-BE54-9A1E7A4F7556}") = "Ocean.Cms.IRepository", "Ocean.Cms.IRepository\Ocean.Cms.IRepository.csproj", "{C17D49E4-EE9F-4502-BE8C-D2CC7BDBF875}"
EndProject
Project("{9A19103F-16F7-4668-BE54-9A1E7A4F7556}") = "Ocean.Cms.Repository.SqlServer", "Ocean.Cms.Repository.SqlServer\Ocean.Cms.Repository.SqlServer.csproj", "{C6AEB490-CEB7-4D69-8E71-4B62CAA2A1ED}"
EndProject
Project("{9A19103F-16F7-4668-BE54-9A1E7A4F7556}") = "Ocean.Cms.Models", "Ocean.Cms.Models\Ocean.Cms.Models.csproj", "{E1E65702-C374-49F7-AD44-51EBC92DE9EF}"
EndProject
Project("{9A19103F-16F7-4668-BE54-9A1E7A4F7556}") = "Ocean.Cms.ViewModels", "Ocean.Cms.ViewModels\Ocean.Cms.ViewModels.csproj", "{BC961BD0-B43B-4634-A9D2-BA9F6E633605}"
EndProject
Project("{9A19103F-16F7-4668-BE54-9A1E7A4F7556}") = "Ocean.Cms.Core", "Ocean.Cms.Core\Ocean.Cms.Core.csproj", "{9A479FFC-C6EE-4527-899F-7887538B4F07}"
EndProject
Project("{9A19103F-16F7-4668-BE54-9A1E7A4F7556}") = "Ocean.Cms.Test", "Ocean.Cms.Test\Ocean.Cms.Test.csproj", "{C0ECCA7E-0264-499D-98B4-0EE736620241}"
EndProject
Project("{FAE04EC0-301F-11D3-BF4B-00C04F79EFBC}") = "Ocean.Cms.Site", "Ocean.Cms.Site\Ocean.Cms.Site.csproj", "{83C9B4D0-10F7-425B-8F10-B85DA3419B27}"
EndProject
Global
	GlobalSection(SolutionConfigurationPlatforms) = preSolution
		Debug|Any CPU = Debug|Any CPU
		Release|Any CPU = Release|Any CPU
	EndGlobalSection
	GlobalSection(ProjectConfigurationPlatforms) = postSolution
		{2659BDDD-4966-4D81-AF8D-D73192102CE7}.Debug|Any CPU.ActiveCfg = Debug|Any CPU
		{2659BDDD-4966-4D81-AF8D-D73192102CE7}.Debug|Any CPU.Build.0 = Debug|Any CPU
		{2659BDDD-4966-4D81-AF8D-D73192102CE7}.Release|Any CPU.ActiveCfg = Release|Any CPU
		{2659BDDD-4966-4D81-AF8D-D73192102CE7}.Release|Any CPU.Build.0 = Release|Any CPU
		{FB32447F-5580-4729-8A2B-E510388E2185}.Debug|Any CPU.ActiveCfg = Debug|Any CPU
		{FB32447F-5580-4729-8A2B-E510388E2185}.Debug|Any CPU.Build.0 = Debug|Any CPU
		{FB32447F-5580-4729-8A2B-E510388E2185}.Release|Any CPU.ActiveCfg = Release|Any CPU
		{FB32447F-5580-4729-8A2B-E510388E2185}.Release|Any CPU.Build.0 = Release|Any CPU
		{DFCA72E0-AC5A-4D88-912F-7763D34A32B7}.Debug|Any CPU.ActiveCfg = Debug|Any CPU
		{DFCA72E0-AC5A-4D88-912F-7763D34A32B7}.Debug|Any CPU.Build.0 = Debug|Any CPU
		{DFCA72E0-AC5A-4D88-912F-7763D34A32B7}.Release|Any CPU.ActiveCfg = Release|Any CPU
		{DFCA72E0-AC5A-4D88-912F-7763D34A32B7}.Release|Any CPU.Build.0 = Release|Any CPU
		{C17D49E4-EE9F-4502-BE8C-D2CC7BDBF875}.Debug|Any CPU.ActiveCfg = Debug|Any CPU
		{C17D49E4-EE9F-4502-BE8C-D2CC7BDBF875}.Debug|Any CPU.Build.0 = Debug|Any CPU
		{C17D49E4-EE9F-4502-BE8C-D2CC7BDBF875}.Release|Any CPU.ActiveCfg = Release|Any CPU
		{C17D49E4-EE9F-4502-BE8C-D2CC7BDBF875}.Release|Any CPU.Build.0 = Release|Any CPU
		{C6AEB490-CEB7-4D69-8E71-4B62CAA2A1ED}.Debug|Any CPU.ActiveCfg = Debug|Any CPU
		{C6AEB490-CEB7-4D69-8E71-4B62CAA2A1ED}.Debug|Any CPU.Build.0 = Debug|Any CPU
		{C6AEB490-CEB7-4D69-8E71-4B62CAA2A1ED}.Release|Any CPU.ActiveCfg = Release|Any CPU
		{C6AEB490-CEB7-4D69-8E71-4B62CAA2A1ED}.Release|Any CPU.Build.0 = Release|Any CPU
		{E1E65702-C374-49F7-AD44-51EBC92DE9EF}.Debug|Any CPU.ActiveCfg = Debug|Any CPU
		{E1E65702-C374-49F7-AD44-51EBC92DE9EF}.Debug|Any CPU.Build.0 = Debug|Any CPU
		{E1E65702-C374-49F7-AD44-51EBC92DE9EF}.Release|Any CPU.ActiveCfg = Release|Any CPU
		{E1E65702-C374-49F7-AD44-51EBC92DE9EF}.Release|Any CPU.Build.0 = Release|Any CPU
		{BC961BD0-B43B-4634-A9D2-BA9F6E633605}.Debug|Any CPU.ActiveCfg = Debug|Any CPU
		{BC961BD0-B43B-4634-A9D2-BA9F6E633605}.Debug|Any CPU.Build.0 = Debug|Any CPU
		{BC961BD0-B43B-4634-A9D2-BA9F6E633605}.Release|Any CPU.ActiveCfg = Release|Any CPU
		{BC961BD0-B43B-4634-A9D2-BA9F6E633605}.Release|Any CPU.Build.0 = Release|Any CPU
		{9A479FFC-C6EE-4527-899F-7887538B4F07}.Debug|Any CPU.ActiveCfg = Debug|Any CPU
		{9A479FFC-C6EE-4527-899F-7887538B4F07}.Debug|Any CPU.Build.0 = Debug|Any CPU
		{9A479FFC-C6EE-4527-899F-7887538B4F07}.Release|Any CPU.ActiveCfg = Release|Any CPU
		{9A479FFC-C6EE-4527-899F-7887538B4F07}.Release|Any CPU.Build.0 = Release|Any CPU
		{C0ECCA7E-0264-499D-98B4-0EE736620241}.Debug|Any CPU.ActiveCfg = Debug|Any CPU
		{C0ECCA7E-0264-499D-98B4-0EE736620241}.Debug|Any CPU.Build.0 = Debug|Any CPU
		{C0ECCA7E-0264-499D-98B4-0EE736620241}.Release|Any CPU.ActiveCfg = Release|Any CPU
		{C0ECCA7E-0264-499D-98B4-0EE736620241}.Release|Any CPU.Build.0 = Release|Any CPU
		{83C9B4D0-10F7-425B-8F10-B85DA3419B27}.Debug|Any CPU.ActiveCfg = Debug|Any CPU
		{83C9B4D0-10F7-425B-8F10-B85DA3419B27}.Debug|Any CPU.Build.0 = Debug|Any CPU
		{83C9B4D0-10F7-425B-8F10-B85DA3419B27}.Release|Any CPU.ActiveCfg = Release|Any CPU
		{83C9B4D0-10F7-425B-8F10-B85DA3419B27}.Release|Any CPU.Build.0 = Release|Any CPU
	EndGlobalSection
	GlobalSection(SolutionProperties) = preSolution
		HideSolutionNode = FALSE
	EndGlobalSection
	GlobalSection(NestedProjects) = preSolution
		{2659BDDD-4966-4D81-AF8D-D73192102CE7} = {2C2D9555-95BB-4BB0-BF61-8ED76FA2BFDE}
		{FB32447F-5580-4729-8A2B-E510388E2185} = {0A59C132-AA14-4FE5-A1BF-5739F37399A1}
		{DFCA72E0-AC5A-4D88-912F-7763D34A32B7} = {0A59C132-AA14-4FE5-A1BF-5739F37399A1}
		{C17D49E4-EE9F-4502-BE8C-D2CC7BDBF875} = {B1535C23-EFF4-47D2-87FD-CD7038C7B498}
		{C6AEB490-CEB7-4D69-8E71-4B62CAA2A1ED} = {B1535C23-EFF4-47D2-87FD-CD7038C7B498}
		{E1E65702-C374-49F7-AD44-51EBC92DE9EF} = {CAA4D765-D23E-42B0-90AC-85D904856E52}
		{BC961BD0-B43B-4634-A9D2-BA9F6E633605} = {CAA4D765-D23E-42B0-90AC-85D904856E52}
		{9A479FFC-C6EE-4527-899F-7887538B4F07} = {EF3F6420-2250-4010-A83D-9B8232F1F338}
		{C0ECCA7E-0264-499D-98B4-0EE736620241} = {83527B49-631E-4893-95D4-51D25635095E}
		{83C9B4D0-10F7-425B-8F10-B85DA3419B27} = {2C2D9555-95BB-4BB0-BF61-8ED76FA2BFDE}
	EndGlobalSection
	GlobalSection(ExtensibilityGlobals) = postSolution
		SolutionGuid = {42D71723-0DBC-409F-B6A7-10F333D3DAC5}
	EndGlobalSection
EndGlobal
